
Microsoft Visual Studio Solution File, Format Version 12.00
# Visual Studio Version 16
VisualStudioVersion = 16.0.30503.244
MinimumVisualStudioVersion = 10.0.40219.1
Project("{2150E333-8FDC-42A3-9474-1A3956D46DE8}") = "src", "src", "{B8B296CA-A9EA-4777-8DF6-BE66A784165C}"
EndProject
Project("{2150E333-8FDC-42A3-9474-1A3956D46DE8}") = "Building Blocks", "Building Blocks", "{098AFA82-B418-4B5B-9CEC-0657A3DC07BE}"
EndProject
Project("{2150E333-8FDC-42A3-9474-1A3956D46DE8}") = "Core", "Core", "{25CB90CF-A14D-4AD5-8A3C-7E666EB7A60F}"
EndProject
Project("{2150E333-8FDC-42A3-9474-1A3956D46DE8}") = "Services", "Services", "{1F841565-DB6E-4A34-81F3-B21C6D72EAB8}"
EndProject
Project("{9A19103F-16F7-4668-BE54-9A1E7A4F7556}") = "CondominioApp.Core", "src\Building Blocks\CondominioApp.Core\CondominioApp.Core.csproj", "{7436F685-7BFE-41A7-A7CE-FF3E6EC00EA2}"
EndProject
Project("{2150E333-8FDC-42A3-9474-1A3956D46DE8}") = "Services", "Services", "{27DA6887-B451-4D5D-A232-00FBE20152FB}"
EndProject
Project("{2150E333-8FDC-42A3-9474-1A3956D46DE8}") = "WebApi", "WebApi", "{6DCE3EC8-F7BD-4A00-A8A8-8FCDC1C6B2D0}"
EndProject
Project("{2150E333-8FDC-42A3-9474-1A3956D46DE8}") = "Usuarios", "Usuarios", "{73DA058E-257C-4A32-9CB5-DA87F9A3B74A}"
EndProject
Project("{9A19103F-16F7-4668-BE54-9A1E7A4F7556}") = "CondominioApp.Usuarios.App", "src\Services\Usuarios\CondominioApp.Usuarios.App\CondominioApp.Usuarios.App.csproj", "{2F89F2E0-8C61-4632-8A7D-1EB02F80C820}"
EndProject
Project("{9A19103F-16F7-4668-BE54-9A1E7A4F7556}") = "CondominioApp.Usuarios.App.Tests", "Tests\Usuarios\CondominioApp.Usuarios.App.Tests\CondominioApp.Usuarios.App.Tests.csproj", "{1F97DBB9-6E58-4EF5-997D-3EDBC5CEAAB2}"
EndProject
Project("{9A19103F-16F7-4668-BE54-9A1E7A4F7556}") = "CondominioApp.Api", "src\WebApi\CondominioApp.Api\CondominioApp.Api.csproj", "{A5A54E4D-BCB4-4F95-BBBA-7BE33A8079C6}"
EndProject
Project("{9A19103F-16F7-4668-BE54-9A1E7A4F7556}") = "CondominioApp.WebApi.Core", "src\Building Blocks\CondominioApp.WebApi.Core\CondominioApp.WebApi.Core.csproj", "{4F03BAA6-B673-42DE-B2A9-54F17D1EEE90}"
EndProject
Project("{2150E333-8FDC-42A3-9474-1A3956D46DE8}") = "Identidade", "Identidade", "{433720B0-6CBF-45ED-91A7-F8B2518058B7}"
EndProject
Project("{9A19103F-16F7-4668-BE54-9A1E7A4F7556}") = "CondominioApp.Identidade.Api", "src\Services\Identidade\CondominioApp.Identidade.Api\CondominioApp.Identidade.Api.csproj", "{61CD6CAB-13F4-476B-9FDE-4C65B90ABDF6}"
EndProject
Project("{2150E333-8FDC-42A3-9474-1A3956D46DE8}") = "Principal", "Principal", "{133F3FB7-18C5-46F1-B62D-1A65EA05AC53}"
EndProject
Project("{9A19103F-16F7-4668-BE54-9A1E7A4F7556}") = "CondominioApp.Principal.Domain", "src\Services\Principal\CondominioApp.Principal.Domain\CondominioApp.Principal.Domain.csproj", "{7B416D97-64F3-4410-84E1-CBD80D213E87}"
EndProject
Project("{9A19103F-16F7-4668-BE54-9A1E7A4F7556}") = "CondominioApp.Principal.Infra", "src\Services\Principal\CondominioApp.Principal.Infra\CondominioApp.Principal.Infra.csproj", "{32E589A2-A1AA-4D87-A345-9FD5D367E4AD}"
EndProject
Project("{2150E333-8FDC-42A3-9474-1A3956D46DE8}") = "PreCadastro", "PreCadastro", "{91A91913-2BE0-41E9-B7D2-E85D3DCA6611}"
EndProject
Project("{9A19103F-16F7-4668-BE54-9A1E7A4F7556}") = "CondominioApp.Principal.Aplication", "src\Services\Principal\CondominioApp.Principal.Aplication\CondominioApp.Principal.Aplication.csproj", "{3605F6B5-C02D-4DE9-85AD-BA54910B7672}"
EndProject
Project("{9A19103F-16F7-4668-BE54-9A1E7A4F7556}") = "CondominioAppPreCadastro.App", "src\Services\PreCadastro\CondominioAppPreCadastro.App\CondominioAppPreCadastro.App.csproj", "{524D5BCE-44E6-4EC5-90A5-F729D4287BF2}"
EndProject
Project("{9A19103F-16F7-4668-BE54-9A1E7A4F7556}") = "CondominioApp.Principal.Tests", "Tests\Principal\CondominioApp.Principal.Tests\CondominioApp.Principal.Tests.csproj", "{414AC53F-54E4-41A4-8B13-B469F751B7D9}"
EndProject
Project("{2150E333-8FDC-42A3-9474-1A3956D46DE8}") = "BaseSoftware", "BaseSoftware", "{4394804E-EF40-4EDD-A770-A086F423156C}"
EndProject
Project("{2150E333-8FDC-42A3-9474-1A3956D46DE8}") = "BaseSoftware", "BaseSoftware", "{EE12255D-43EC-44E4-A424-F39C6AB45792}"
EndProject
Project("{9A19103F-16F7-4668-BE54-9A1E7A4F7556}") = "CondominioApp.BS.Balancete", "src\Building Blocks\CondominioApp.BS.Balancete\CondominioApp.BS.Balancete.csproj", "{93DF2432-0AD1-46FF-80C6-773042C6A214}"
EndProject
Project("{9A19103F-16F7-4668-BE54-9A1E7A4F7556}") = "CondominioApp.BS.CompiladorDeDados", "src\Building Blocks\CondominioApp.BS.CompiladorDeDados\CondominioApp.BS.CompiladorDeDados.csproj", "{30F0F0EA-CE5E-487C-A458-E941018B23D7}"
EndProject
Project("{9A19103F-16F7-4668-BE54-9A1E7A4F7556}") = "CondominioApp.BS.App", "src\Services\BaseSoftware\CondominioApp.BS.App\CondominioApp.BS.App.csproj", "{0F9EB64C-A17F-4A2C-8B82-7540E18B56F8}"
EndProject
Project("{2150E333-8FDC-42A3-9474-1A3956D46DE8}") = "Marketplace", "Marketplace", "{18B51529-FE9B-4D9C-A79E-AC053EBC1218}"
EndProject
Project("{9A19103F-16F7-4668-BE54-9A1E7A4F7556}") = "CondominioAppMarketplace.Domain", "src\Services\Marketplace\CondominioAppMarketplace.Domain\CondominioAppMarketplace.Domain.csproj", "{2F8A1E09-51DA-4C58-87E7-AD4D3C08FEBC}"
EndProject
Project("{9A19103F-16F7-4668-BE54-9A1E7A4F7556}") = "CondominioAppMarketplace.Infra", "src\Services\Marketplace\CondominioAppMarketplace.Infra\CondominioAppMarketplace.Infra.csproj", "{1806E606-3A24-43E7-9B23-BFBF75A75F9B}"
EndProject
Project("{9A19103F-16F7-4668-BE54-9A1E7A4F7556}") = "CondominioAppMarketplace.App", "src\Services\Marketplace\CondominioAppMarketplace.App\CondominioAppMarketplace.App.csproj", "{9652C079-03F3-43B2-BE37-F4379F191404}"
EndProject
Project("{9A19103F-16F7-4668-BE54-9A1E7A4F7556}") = "CondominioAppMarketplace.Tests", "Tests\Marketplace\CondominioAppMarketplace.Tests\CondominioAppMarketplace.Tests.csproj", "{E7A9DC34-1383-40FC-9355-9069A23DFE22}"
EndProject
Project("{2150E333-8FDC-42A3-9474-1A3956D46DE8}") = "Enquetes", "Enquetes", "{69ADD3EB-B0DA-43ED-BA39-298085632AF3}"
EndProject
Project("{9A19103F-16F7-4668-BE54-9A1E7A4F7556}") = "CondominioApp.Enquetes.App.Tests", "Tests\Enquete\CondominioApp.Enquetes.App.Tests\CondominioApp.Enquetes.App.Tests.csproj", "{F211ABB3-8D0F-4B43-9F4E-46475359DE4E}"
EndProject
Project("{9A19103F-16F7-4668-BE54-9A1E7A4F7556}") = "CondominioApp.Enquetes.App", "src\Services\Enquete\CondominioApp.Enquete.App\CondominioApp.Enquetes.App.csproj", "{14B933B8-D064-43C1-AA5B-5020B02E0402}"
EndProject
Global
	GlobalSection(SolutionConfigurationPlatforms) = preSolution
		Debug|Any CPU = Debug|Any CPU
		Release|Any CPU = Release|Any CPU
	EndGlobalSection
	GlobalSection(ProjectConfigurationPlatforms) = postSolution
		{7436F685-7BFE-41A7-A7CE-FF3E6EC00EA2}.Debug|Any CPU.ActiveCfg = Debug|Any CPU
		{7436F685-7BFE-41A7-A7CE-FF3E6EC00EA2}.Debug|Any CPU.Build.0 = Debug|Any CPU
		{7436F685-7BFE-41A7-A7CE-FF3E6EC00EA2}.Release|Any CPU.ActiveCfg = Release|Any CPU
		{7436F685-7BFE-41A7-A7CE-FF3E6EC00EA2}.Release|Any CPU.Build.0 = Release|Any CPU
		{2F89F2E0-8C61-4632-8A7D-1EB02F80C820}.Debug|Any CPU.ActiveCfg = Debug|Any CPU
		{2F89F2E0-8C61-4632-8A7D-1EB02F80C820}.Debug|Any CPU.Build.0 = Debug|Any CPU
		{2F89F2E0-8C61-4632-8A7D-1EB02F80C820}.Release|Any CPU.ActiveCfg = Release|Any CPU
		{2F89F2E0-8C61-4632-8A7D-1EB02F80C820}.Release|Any CPU.Build.0 = Release|Any CPU
		{1F97DBB9-6E58-4EF5-997D-3EDBC5CEAAB2}.Debug|Any CPU.ActiveCfg = Debug|Any CPU
		{1F97DBB9-6E58-4EF5-997D-3EDBC5CEAAB2}.Debug|Any CPU.Build.0 = Debug|Any CPU
		{1F97DBB9-6E58-4EF5-997D-3EDBC5CEAAB2}.Release|Any CPU.ActiveCfg = Release|Any CPU
		{1F97DBB9-6E58-4EF5-997D-3EDBC5CEAAB2}.Release|Any CPU.Build.0 = Release|Any CPU
		{A5A54E4D-BCB4-4F95-BBBA-7BE33A8079C6}.Debug|Any CPU.ActiveCfg = Debug|Any CPU
		{A5A54E4D-BCB4-4F95-BBBA-7BE33A8079C6}.Debug|Any CPU.Build.0 = Debug|Any CPU
		{A5A54E4D-BCB4-4F95-BBBA-7BE33A8079C6}.Release|Any CPU.ActiveCfg = Release|Any CPU
		{A5A54E4D-BCB4-4F95-BBBA-7BE33A8079C6}.Release|Any CPU.Build.0 = Release|Any CPU
		{4F03BAA6-B673-42DE-B2A9-54F17D1EEE90}.Debug|Any CPU.ActiveCfg = Debug|Any CPU
		{4F03BAA6-B673-42DE-B2A9-54F17D1EEE90}.Debug|Any CPU.Build.0 = Debug|Any CPU
		{4F03BAA6-B673-42DE-B2A9-54F17D1EEE90}.Release|Any CPU.ActiveCfg = Release|Any CPU
		{4F03BAA6-B673-42DE-B2A9-54F17D1EEE90}.Release|Any CPU.Build.0 = Release|Any CPU
		{61CD6CAB-13F4-476B-9FDE-4C65B90ABDF6}.Debug|Any CPU.ActiveCfg = Debug|Any CPU
		{61CD6CAB-13F4-476B-9FDE-4C65B90ABDF6}.Debug|Any CPU.Build.0 = Debug|Any CPU
		{61CD6CAB-13F4-476B-9FDE-4C65B90ABDF6}.Release|Any CPU.ActiveCfg = Release|Any CPU
		{61CD6CAB-13F4-476B-9FDE-4C65B90ABDF6}.Release|Any CPU.Build.0 = Release|Any CPU
		{7B416D97-64F3-4410-84E1-CBD80D213E87}.Debug|Any CPU.ActiveCfg = Debug|Any CPU
		{7B416D97-64F3-4410-84E1-CBD80D213E87}.Debug|Any CPU.Build.0 = Debug|Any CPU
		{7B416D97-64F3-4410-84E1-CBD80D213E87}.Release|Any CPU.ActiveCfg = Release|Any CPU
		{7B416D97-64F3-4410-84E1-CBD80D213E87}.Release|Any CPU.Build.0 = Release|Any CPU
		{32E589A2-A1AA-4D87-A345-9FD5D367E4AD}.Debug|Any CPU.ActiveCfg = Debug|Any CPU
		{32E589A2-A1AA-4D87-A345-9FD5D367E4AD}.Debug|Any CPU.Build.0 = Debug|Any CPU
		{32E589A2-A1AA-4D87-A345-9FD5D367E4AD}.Release|Any CPU.ActiveCfg = Release|Any CPU
		{32E589A2-A1AA-4D87-A345-9FD5D367E4AD}.Release|Any CPU.Build.0 = Release|Any CPU
		{3605F6B5-C02D-4DE9-85AD-BA54910B7672}.Debug|Any CPU.ActiveCfg = Debug|Any CPU
		{3605F6B5-C02D-4DE9-85AD-BA54910B7672}.Debug|Any CPU.Build.0 = Debug|Any CPU
		{3605F6B5-C02D-4DE9-85AD-BA54910B7672}.Release|Any CPU.ActiveCfg = Release|Any CPU
		{3605F6B5-C02D-4DE9-85AD-BA54910B7672}.Release|Any CPU.Build.0 = Release|Any CPU
		{524D5BCE-44E6-4EC5-90A5-F729D4287BF2}.Debug|Any CPU.ActiveCfg = Debug|Any CPU
		{524D5BCE-44E6-4EC5-90A5-F729D4287BF2}.Debug|Any CPU.Build.0 = Debug|Any CPU
		{524D5BCE-44E6-4EC5-90A5-F729D4287BF2}.Release|Any CPU.ActiveCfg = Release|Any CPU
		{524D5BCE-44E6-4EC5-90A5-F729D4287BF2}.Release|Any CPU.Build.0 = Release|Any CPU
		{414AC53F-54E4-41A4-8B13-B469F751B7D9}.Debug|Any CPU.ActiveCfg = Debug|Any CPU
		{414AC53F-54E4-41A4-8B13-B469F751B7D9}.Debug|Any CPU.Build.0 = Debug|Any CPU
		{414AC53F-54E4-41A4-8B13-B469F751B7D9}.Release|Any CPU.ActiveCfg = Release|Any CPU
		{414AC53F-54E4-41A4-8B13-B469F751B7D9}.Release|Any CPU.Build.0 = Release|Any CPU
		{93DF2432-0AD1-46FF-80C6-773042C6A214}.Debug|Any CPU.ActiveCfg = Debug|Any CPU
		{93DF2432-0AD1-46FF-80C6-773042C6A214}.Debug|Any CPU.Build.0 = Debug|Any CPU
		{93DF2432-0AD1-46FF-80C6-773042C6A214}.Release|Any CPU.ActiveCfg = Release|Any CPU
		{93DF2432-0AD1-46FF-80C6-773042C6A214}.Release|Any CPU.Build.0 = Release|Any CPU
		{30F0F0EA-CE5E-487C-A458-E941018B23D7}.Debug|Any CPU.ActiveCfg = Debug|Any CPU
		{30F0F0EA-CE5E-487C-A458-E941018B23D7}.Debug|Any CPU.Build.0 = Debug|Any CPU
		{30F0F0EA-CE5E-487C-A458-E941018B23D7}.Release|Any CPU.ActiveCfg = Release|Any CPU
		{30F0F0EA-CE5E-487C-A458-E941018B23D7}.Release|Any CPU.Build.0 = Release|Any CPU
		{0F9EB64C-A17F-4A2C-8B82-7540E18B56F8}.Debug|Any CPU.ActiveCfg = Debug|Any CPU
		{0F9EB64C-A17F-4A2C-8B82-7540E18B56F8}.Debug|Any CPU.Build.0 = Debug|Any CPU
		{0F9EB64C-A17F-4A2C-8B82-7540E18B56F8}.Release|Any CPU.ActiveCfg = Release|Any CPU
		{0F9EB64C-A17F-4A2C-8B82-7540E18B56F8}.Release|Any CPU.Build.0 = Release|Any CPU
		{2F8A1E09-51DA-4C58-87E7-AD4D3C08FEBC}.Debug|Any CPU.ActiveCfg = Debug|Any CPU
		{2F8A1E09-51DA-4C58-87E7-AD4D3C08FEBC}.Debug|Any CPU.Build.0 = Debug|Any CPU
		{2F8A1E09-51DA-4C58-87E7-AD4D3C08FEBC}.Release|Any CPU.ActiveCfg = Release|Any CPU
		{2F8A1E09-51DA-4C58-87E7-AD4D3C08FEBC}.Release|Any CPU.Build.0 = Release|Any CPU
		{1806E606-3A24-43E7-9B23-BFBF75A75F9B}.Debug|Any CPU.ActiveCfg = Debug|Any CPU
		{1806E606-3A24-43E7-9B23-BFBF75A75F9B}.Debug|Any CPU.Build.0 = Debug|Any CPU
		{1806E606-3A24-43E7-9B23-BFBF75A75F9B}.Release|Any CPU.ActiveCfg = Release|Any CPU
		{1806E606-3A24-43E7-9B23-BFBF75A75F9B}.Release|Any CPU.Build.0 = Release|Any CPU
		{9652C079-03F3-43B2-BE37-F4379F191404}.Debug|Any CPU.ActiveCfg = Debug|Any CPU
		{9652C079-03F3-43B2-BE37-F4379F191404}.Debug|Any CPU.Build.0 = Debug|Any CPU
		{9652C079-03F3-43B2-BE37-F4379F191404}.Release|Any CPU.ActiveCfg = Release|Any CPU
		{9652C079-03F3-43B2-BE37-F4379F191404}.Release|Any CPU.Build.0 = Release|Any CPU
		{E7A9DC34-1383-40FC-9355-9069A23DFE22}.Debug|Any CPU.ActiveCfg = Debug|Any CPU
		{E7A9DC34-1383-40FC-9355-9069A23DFE22}.Debug|Any CPU.Build.0 = Debug|Any CPU
		{E7A9DC34-1383-40FC-9355-9069A23DFE22}.Release|Any CPU.ActiveCfg = Release|Any CPU
		{E7A9DC34-1383-40FC-9355-9069A23DFE22}.Release|Any CPU.Build.0 = Release|Any CPU
		{F211ABB3-8D0F-4B43-9F4E-46475359DE4E}.Debug|Any CPU.ActiveCfg = Debug|Any CPU
		{F211ABB3-8D0F-4B43-9F4E-46475359DE4E}.Debug|Any CPU.Build.0 = Debug|Any CPU
		{F211ABB3-8D0F-4B43-9F4E-46475359DE4E}.Release|Any CPU.ActiveCfg = Release|Any CPU
		{F211ABB3-8D0F-4B43-9F4E-46475359DE4E}.Release|Any CPU.Build.0 = Release|Any CPU
		{14B933B8-D064-43C1-AA5B-5020B02E0402}.Debug|Any CPU.ActiveCfg = Debug|Any CPU
		{14B933B8-D064-43C1-AA5B-5020B02E0402}.Debug|Any CPU.Build.0 = Debug|Any CPU
		{14B933B8-D064-43C1-AA5B-5020B02E0402}.Release|Any CPU.ActiveCfg = Release|Any CPU
		{14B933B8-D064-43C1-AA5B-5020B02E0402}.Release|Any CPU.Build.0 = Release|Any CPU
	EndGlobalSection
	GlobalSection(SolutionProperties) = preSolution
		HideSolutionNode = FALSE
	EndGlobalSection
	GlobalSection(NestedProjects) = preSolution
		{098AFA82-B418-4B5B-9CEC-0657A3DC07BE} = {B8B296CA-A9EA-4777-8DF6-BE66A784165C}
		{25CB90CF-A14D-4AD5-8A3C-7E666EB7A60F} = {098AFA82-B418-4B5B-9CEC-0657A3DC07BE}
		{1F841565-DB6E-4A34-81F3-B21C6D72EAB8} = {098AFA82-B418-4B5B-9CEC-0657A3DC07BE}
		{7436F685-7BFE-41A7-A7CE-FF3E6EC00EA2} = {25CB90CF-A14D-4AD5-8A3C-7E666EB7A60F}
		{27DA6887-B451-4D5D-A232-00FBE20152FB} = {B8B296CA-A9EA-4777-8DF6-BE66A784165C}
		{6DCE3EC8-F7BD-4A00-A8A8-8FCDC1C6B2D0} = {B8B296CA-A9EA-4777-8DF6-BE66A784165C}
		{73DA058E-257C-4A32-9CB5-DA87F9A3B74A} = {27DA6887-B451-4D5D-A232-00FBE20152FB}
		{2F89F2E0-8C61-4632-8A7D-1EB02F80C820} = {73DA058E-257C-4A32-9CB5-DA87F9A3B74A}
		{1F97DBB9-6E58-4EF5-997D-3EDBC5CEAAB2} = {73DA058E-257C-4A32-9CB5-DA87F9A3B74A}
		{A5A54E4D-BCB4-4F95-BBBA-7BE33A8079C6} = {6DCE3EC8-F7BD-4A00-A8A8-8FCDC1C6B2D0}
		{4F03BAA6-B673-42DE-B2A9-54F17D1EEE90} = {1F841565-DB6E-4A34-81F3-B21C6D72EAB8}
		{433720B0-6CBF-45ED-91A7-F8B2518058B7} = {27DA6887-B451-4D5D-A232-00FBE20152FB}
		{61CD6CAB-13F4-476B-9FDE-4C65B90ABDF6} = {433720B0-6CBF-45ED-91A7-F8B2518058B7}
		{133F3FB7-18C5-46F1-B62D-1A65EA05AC53} = {27DA6887-B451-4D5D-A232-00FBE20152FB}
		{7B416D97-64F3-4410-84E1-CBD80D213E87} = {133F3FB7-18C5-46F1-B62D-1A65EA05AC53}
		{32E589A2-A1AA-4D87-A345-9FD5D367E4AD} = {133F3FB7-18C5-46F1-B62D-1A65EA05AC53}
		{91A91913-2BE0-41E9-B7D2-E85D3DCA6611} = {27DA6887-B451-4D5D-A232-00FBE20152FB}
		{3605F6B5-C02D-4DE9-85AD-BA54910B7672} = {133F3FB7-18C5-46F1-B62D-1A65EA05AC53}
		{524D5BCE-44E6-4EC5-90A5-F729D4287BF2} = {91A91913-2BE0-41E9-B7D2-E85D3DCA6611}
		{414AC53F-54E4-41A4-8B13-B469F751B7D9} = {133F3FB7-18C5-46F1-B62D-1A65EA05AC53}
		{4394804E-EF40-4EDD-A770-A086F423156C} = {27DA6887-B451-4D5D-A232-00FBE20152FB}
		{EE12255D-43EC-44E4-A424-F39C6AB45792} = {1F841565-DB6E-4A34-81F3-B21C6D72EAB8}
		{93DF2432-0AD1-46FF-80C6-773042C6A214} = {EE12255D-43EC-44E4-A424-F39C6AB45792}
		{30F0F0EA-CE5E-487C-A458-E941018B23D7} = {EE12255D-43EC-44E4-A424-F39C6AB45792}
		{0F9EB64C-A17F-4A2C-8B82-7540E18B56F8} = {4394804E-EF40-4EDD-A770-A086F423156C}
		{18B51529-FE9B-4D9C-A79E-AC053EBC1218} = {27DA6887-B451-4D5D-A232-00FBE20152FB}
		{2F8A1E09-51DA-4C58-87E7-AD4D3C08FEBC} = {18B51529-FE9B-4D9C-A79E-AC053EBC1218}
		{1806E606-3A24-43E7-9B23-BFBF75A75F9B} = {18B51529-FE9B-4D9C-A79E-AC053EBC1218}
		{9652C079-03F3-43B2-BE37-F4379F191404} = {18B51529-FE9B-4D9C-A79E-AC053EBC1218}
		{E7A9DC34-1383-40FC-9355-9069A23DFE22} = {18B51529-FE9B-4D9C-A79E-AC053EBC1218}
		{69ADD3EB-B0DA-43ED-BA39-298085632AF3} = {27DA6887-B451-4D5D-A232-00FBE20152FB}
		{F211ABB3-8D0F-4B43-9F4E-46475359DE4E} = {69ADD3EB-B0DA-43ED-BA39-298085632AF3}
		{14B933B8-D064-43C1-AA5B-5020B02E0402} = {69ADD3EB-B0DA-43ED-BA39-298085632AF3}
	EndGlobalSection
	GlobalSection(ExtensibilityGlobals) = postSolution
		SolutionGuid = {DA60CBD7-8A6E-436D-B07E-D654D162CE4B}
	EndGlobalSection
EndGlobal
