
Microsoft Visual Studio Solution File, Format Version 12.00
# Visual Studio Version 16
VisualStudioVersion = 16.0.30503.244
MinimumVisualStudioVersion = 10.0.40219.1
Project("{2150E333-8FDC-42A3-9474-1A3956D46DE8}") = "src", "src", "{B8B296CA-A9EA-4777-8DF6-BE66A784165C}"
EndProject
Project("{2150E333-8FDC-42A3-9474-1A3956D46DE8}") = "Building Blocks", "Building Blocks", "{098AFA82-B418-4B5B-9CEC-0657A3DC07BE}"
EndProject
Project("{2150E333-8FDC-42A3-9474-1A3956D46DE8}") = "Core", "Core", "{25CB90CF-A14D-4AD5-8A3C-7E666EB7A60F}"
EndProject
Project("{2150E333-8FDC-42A3-9474-1A3956D46DE8}") = "Services", "Services", "{1F841565-DB6E-4A34-81F3-B21C6D72EAB8}"
EndProject
Project("{FAE04EC0-301F-11D3-BF4B-00C04F79EFBC}") = "CondominioApp.Core", "src\Building Blocks\CondominioApp.Core\CondominioApp.Core.csproj", "{7436F685-7BFE-41A7-A7CE-FF3E6EC00EA2}"
EndProject
Project("{2150E333-8FDC-42A3-9474-1A3956D46DE8}") = "Services", "Services", "{27DA6887-B451-4D5D-A232-00FBE20152FB}"
EndProject
Project("{2150E333-8FDC-42A3-9474-1A3956D46DE8}") = "WebApi", "WebApi", "{6DCE3EC8-F7BD-4A00-A8A8-8FCDC1C6B2D0}"
EndProject
Project("{2150E333-8FDC-42A3-9474-1A3956D46DE8}") = "Usuarios", "Usuarios", "{73DA058E-257C-4A32-9CB5-DA87F9A3B74A}"
EndProject
Project("{FAE04EC0-301F-11D3-BF4B-00C04F79EFBC}") = "CondominioApp.Usuarios.App", "src\Services\Usuarios\CondominioApp.Usuarios.App\CondominioApp.Usuarios.App.csproj", "{2F89F2E0-8C61-4632-8A7D-1EB02F80C820}"
EndProject
Project("{FAE04EC0-301F-11D3-BF4B-00C04F79EFBC}") = "CondominioApp.Usuarios.App.Tests", "Tests\Usuarios\CondominioApp.Usuarios.App.Tests\CondominioApp.Usuarios.App.Tests.csproj", "{1F97DBB9-6E58-4EF5-997D-3EDBC5CEAAB2}"
EndProject
Global
	GlobalSection(SolutionConfigurationPlatforms) = preSolution
		Debug|Any CPU = Debug|Any CPU
		Release|Any CPU = Release|Any CPU
	EndGlobalSection
	GlobalSection(ProjectConfigurationPlatforms) = postSolution
		{7436F685-7BFE-41A7-A7CE-FF3E6EC00EA2}.Debug|Any CPU.ActiveCfg = Debug|Any CPU
		{7436F685-7BFE-41A7-A7CE-FF3E6EC00EA2}.Debug|Any CPU.Build.0 = Debug|Any CPU
		{7436F685-7BFE-41A7-A7CE-FF3E6EC00EA2}.Release|Any CPU.ActiveCfg = Release|Any CPU
		{7436F685-7BFE-41A7-A7CE-FF3E6EC00EA2}.Release|Any CPU.Build.0 = Release|Any CPU
		{2F89F2E0-8C61-4632-8A7D-1EB02F80C820}.Debug|Any CPU.ActiveCfg = Debug|Any CPU
		{2F89F2E0-8C61-4632-8A7D-1EB02F80C820}.Debug|Any CPU.Build.0 = Debug|Any CPU
		{2F89F2E0-8C61-4632-8A7D-1EB02F80C820}.Release|Any CPU.ActiveCfg = Release|Any CPU
		{2F89F2E0-8C61-4632-8A7D-1EB02F80C820}.Release|Any CPU.Build.0 = Release|Any CPU
		{1F97DBB9-6E58-4EF5-997D-3EDBC5CEAAB2}.Debug|Any CPU.ActiveCfg = Debug|Any CPU
		{1F97DBB9-6E58-4EF5-997D-3EDBC5CEAAB2}.Debug|Any CPU.Build.0 = Debug|Any CPU
		{1F97DBB9-6E58-4EF5-997D-3EDBC5CEAAB2}.Release|Any CPU.ActiveCfg = Release|Any CPU
		{1F97DBB9-6E58-4EF5-997D-3EDBC5CEAAB2}.Release|Any CPU.Build.0 = Release|Any CPU
	EndGlobalSection
	GlobalSection(SolutionProperties) = preSolution
		HideSolutionNode = FALSE
	EndGlobalSection
	GlobalSection(NestedProjects) = preSolution
		{098AFA82-B418-4B5B-9CEC-0657A3DC07BE} = {B8B296CA-A9EA-4777-8DF6-BE66A784165C}
		{25CB90CF-A14D-4AD5-8A3C-7E666EB7A60F} = {098AFA82-B418-4B5B-9CEC-0657A3DC07BE}
		{1F841565-DB6E-4A34-81F3-B21C6D72EAB8} = {098AFA82-B418-4B5B-9CEC-0657A3DC07BE}
		{7436F685-7BFE-41A7-A7CE-FF3E6EC00EA2} = {25CB90CF-A14D-4AD5-8A3C-7E666EB7A60F}
		{27DA6887-B451-4D5D-A232-00FBE20152FB} = {B8B296CA-A9EA-4777-8DF6-BE66A784165C}
		{6DCE3EC8-F7BD-4A00-A8A8-8FCDC1C6B2D0} = {B8B296CA-A9EA-4777-8DF6-BE66A784165C}
		{73DA058E-257C-4A32-9CB5-DA87F9A3B74A} = {27DA6887-B451-4D5D-A232-00FBE20152FB}
		{2F89F2E0-8C61-4632-8A7D-1EB02F80C820} = {73DA058E-257C-4A32-9CB5-DA87F9A3B74A}
		{1F97DBB9-6E58-4EF5-997D-3EDBC5CEAAB2} = {73DA058E-257C-4A32-9CB5-DA87F9A3B74A}
	EndGlobalSection
	GlobalSection(ExtensibilityGlobals) = postSolution
		SolutionGuid = {DA60CBD7-8A6E-436D-B07E-D654D162CE4B}
	EndGlobalSection
EndGlobal
