
Microsoft Visual Studio Solution File, Format Version 12.00
# Visual Studio Version 16
VisualStudioVersion = 16.0.30621.155
MinimumVisualStudioVersion = 10.0.40219.1
Project("{2150E333-8FDC-42A3-9474-1A3956D46DE8}") = "src", "src", "{B8B296CA-A9EA-4777-8DF6-BE66A784165C}"
EndProject
Project("{2150E333-8FDC-42A3-9474-1A3956D46DE8}") = "Building Blocks", "Building Blocks", "{098AFA82-B418-4B5B-9CEC-0657A3DC07BE}"
EndProject
Project("{2150E333-8FDC-42A3-9474-1A3956D46DE8}") = "Core", "Core", "{25CB90CF-A14D-4AD5-8A3C-7E666EB7A60F}"
EndProject
Project("{2150E333-8FDC-42A3-9474-1A3956D46DE8}") = "Services", "Services", "{1F841565-DB6E-4A34-81F3-B21C6D72EAB8}"
EndProject
Project("{2150E333-8FDC-42A3-9474-1A3956D46DE8}") = "Services", "Services", "{27DA6887-B451-4D5D-A232-00FBE20152FB}"
EndProject
Project("{2150E333-8FDC-42A3-9474-1A3956D46DE8}") = "Acao", "Acao", "{4E64AE2E-CB43-4471-AFE1-D90A3DDC7555}"
EndProject
Project("{9A19103F-16F7-4668-BE54-9A1E7A4F7556}") = "GCI.Core", "src\Building Blocks\NinjaStore.Core\GCI.Core.csproj", "{D989683C-B278-4ACC-9F64-6DCF4C93D72E}"
EndProject
Project("{9A19103F-16F7-4668-BE54-9A1E7A4F7556}") = "GCI.WebApi.Core", "src\Building Blocks\NinjaStore.WebApi.Core\GCI.WebApi.Core.csproj", "{8E920E50-9AE0-4073-94CB-0F27AA626C90}"
EndProject
Project("{9A19103F-16F7-4668-BE54-9A1E7A4F7556}") = "GCI.Acoes.Domain", "src\Services\Clientes\NinjaStore.Clientes.Domain\GCI.Acoes.Domain.csproj", "{1685F6D7-6656-452A-A0F3-F6F79143219D}"
EndProject
Project("{9A19103F-16F7-4668-BE54-9A1E7A4F7556}") = "GCI.Acoes.Infra", "src\Services\Clientes\NinjaStore.Clientes.Infra\GCI.Acoes.Infra.csproj", "{3BEE4E70-A00F-4447-9888-A15078F8590F}"
EndProject
Project("{9A19103F-16F7-4668-BE54-9A1E7A4F7556}") = "GCI.Acoes.Aplication", "src\Services\Clientes\NinjaStore.Clientes.Aplication\GCI.Acoes.Aplication.csproj", "{8581081F-348A-4EB5-AABB-0FD1105986DD}"
EndProject
Project("{9A19103F-16F7-4668-BE54-9A1E7A4F7556}") = "GCI.Acoes.Tests", "Tests\Clientes\NinjaStore.Clientes.Tests\GCI.Acoes.Tests.csproj", "{08B5CD7D-C0C2-4409-ADBF-B614BFBD473E}"
EndProject
Project("{9A19103F-16F7-4668-BE54-9A1E7A4F7556}") = "GCI.Acoes.Api", "src\Services\Clientes\NinjaStore.Cliente.Api\GCI.Acoes.Api.csproj", "{00F0AEB6-FC95-4FBB-B594-1CBFA27B02F7}"
EndProject
Global
	GlobalSection(SolutionConfigurationPlatforms) = preSolution
		Debug|Any CPU = Debug|Any CPU
		Release|Any CPU = Release|Any CPU
	EndGlobalSection
	GlobalSection(ProjectConfigurationPlatforms) = postSolution
		{D989683C-B278-4ACC-9F64-6DCF4C93D72E}.Debug|Any CPU.ActiveCfg = Debug|Any CPU
		{D989683C-B278-4ACC-9F64-6DCF4C93D72E}.Debug|Any CPU.Build.0 = Debug|Any CPU
		{D989683C-B278-4ACC-9F64-6DCF4C93D72E}.Release|Any CPU.ActiveCfg = Release|Any CPU
		{D989683C-B278-4ACC-9F64-6DCF4C93D72E}.Release|Any CPU.Build.0 = Release|Any CPU
		{8E920E50-9AE0-4073-94CB-0F27AA626C90}.Debug|Any CPU.ActiveCfg = Debug|Any CPU
		{8E920E50-9AE0-4073-94CB-0F27AA626C90}.Debug|Any CPU.Build.0 = Debug|Any CPU
		{8E920E50-9AE0-4073-94CB-0F27AA626C90}.Release|Any CPU.ActiveCfg = Release|Any CPU
		{8E920E50-9AE0-4073-94CB-0F27AA626C90}.Release|Any CPU.Build.0 = Release|Any CPU
		{1685F6D7-6656-452A-A0F3-F6F79143219D}.Debug|Any CPU.ActiveCfg = Debug|Any CPU
		{1685F6D7-6656-452A-A0F3-F6F79143219D}.Debug|Any CPU.Build.0 = Debug|Any CPU
		{1685F6D7-6656-452A-A0F3-F6F79143219D}.Release|Any CPU.ActiveCfg = Release|Any CPU
		{1685F6D7-6656-452A-A0F3-F6F79143219D}.Release|Any CPU.Build.0 = Release|Any CPU
		{3BEE4E70-A00F-4447-9888-A15078F8590F}.Debug|Any CPU.ActiveCfg = Debug|Any CPU
		{3BEE4E70-A00F-4447-9888-A15078F8590F}.Debug|Any CPU.Build.0 = Debug|Any CPU
		{3BEE4E70-A00F-4447-9888-A15078F8590F}.Release|Any CPU.ActiveCfg = Release|Any CPU
		{3BEE4E70-A00F-4447-9888-A15078F8590F}.Release|Any CPU.Build.0 = Release|Any CPU
		{8581081F-348A-4EB5-AABB-0FD1105986DD}.Debug|Any CPU.ActiveCfg = Debug|Any CPU
		{8581081F-348A-4EB5-AABB-0FD1105986DD}.Debug|Any CPU.Build.0 = Debug|Any CPU
		{8581081F-348A-4EB5-AABB-0FD1105986DD}.Release|Any CPU.ActiveCfg = Release|Any CPU
		{8581081F-348A-4EB5-AABB-0FD1105986DD}.Release|Any CPU.Build.0 = Release|Any CPU
		{08B5CD7D-C0C2-4409-ADBF-B614BFBD473E}.Debug|Any CPU.ActiveCfg = Debug|Any CPU
		{08B5CD7D-C0C2-4409-ADBF-B614BFBD473E}.Debug|Any CPU.Build.0 = Debug|Any CPU
		{08B5CD7D-C0C2-4409-ADBF-B614BFBD473E}.Release|Any CPU.ActiveCfg = Release|Any CPU
		{08B5CD7D-C0C2-4409-ADBF-B614BFBD473E}.Release|Any CPU.Build.0 = Release|Any CPU
		{00F0AEB6-FC95-4FBB-B594-1CBFA27B02F7}.Debug|Any CPU.ActiveCfg = Debug|Any CPU
		{00F0AEB6-FC95-4FBB-B594-1CBFA27B02F7}.Debug|Any CPU.Build.0 = Debug|Any CPU
		{00F0AEB6-FC95-4FBB-B594-1CBFA27B02F7}.Release|Any CPU.ActiveCfg = Release|Any CPU
		{00F0AEB6-FC95-4FBB-B594-1CBFA27B02F7}.Release|Any CPU.Build.0 = Release|Any CPU
	EndGlobalSection
	GlobalSection(SolutionProperties) = preSolution
		HideSolutionNode = FALSE
	EndGlobalSection
	GlobalSection(NestedProjects) = preSolution
		{098AFA82-B418-4B5B-9CEC-0657A3DC07BE} = {B8B296CA-A9EA-4777-8DF6-BE66A784165C}
		{25CB90CF-A14D-4AD5-8A3C-7E666EB7A60F} = {098AFA82-B418-4B5B-9CEC-0657A3DC07BE}
		{1F841565-DB6E-4A34-81F3-B21C6D72EAB8} = {098AFA82-B418-4B5B-9CEC-0657A3DC07BE}
		{27DA6887-B451-4D5D-A232-00FBE20152FB} = {B8B296CA-A9EA-4777-8DF6-BE66A784165C}
		{4E64AE2E-CB43-4471-AFE1-D90A3DDC7555} = {27DA6887-B451-4D5D-A232-00FBE20152FB}
		{D989683C-B278-4ACC-9F64-6DCF4C93D72E} = {25CB90CF-A14D-4AD5-8A3C-7E666EB7A60F}
		{8E920E50-9AE0-4073-94CB-0F27AA626C90} = {1F841565-DB6E-4A34-81F3-B21C6D72EAB8}
		{1685F6D7-6656-452A-A0F3-F6F79143219D} = {4E64AE2E-CB43-4471-AFE1-D90A3DDC7555}
		{3BEE4E70-A00F-4447-9888-A15078F8590F} = {4E64AE2E-CB43-4471-AFE1-D90A3DDC7555}
		{8581081F-348A-4EB5-AABB-0FD1105986DD} = {4E64AE2E-CB43-4471-AFE1-D90A3DDC7555}
		{08B5CD7D-C0C2-4409-ADBF-B614BFBD473E} = {4E64AE2E-CB43-4471-AFE1-D90A3DDC7555}
		{00F0AEB6-FC95-4FBB-B594-1CBFA27B02F7} = {4E64AE2E-CB43-4471-AFE1-D90A3DDC7555}
	EndGlobalSection
	GlobalSection(ExtensibilityGlobals) = postSolution
		SolutionGuid = {DA60CBD7-8A6E-436D-B07E-D654D162CE4B}
	EndGlobalSection
EndGlobal
