
Microsoft Visual Studio Solution File, Format Version 12.00
# Visual Studio Version 16
VisualStudioVersion = 16.0.30621.155
MinimumVisualStudioVersion = 10.0.40219.1
Project("{2150E333-8FDC-42A3-9474-1A3956D46DE8}") = "src", "src", "{B8B296CA-A9EA-4777-8DF6-BE66A784165C}"
EndProject
Project("{2150E333-8FDC-42A3-9474-1A3956D46DE8}") = "Building Blocks", "Building Blocks", "{098AFA82-B418-4B5B-9CEC-0657A3DC07BE}"
EndProject
Project("{2150E333-8FDC-42A3-9474-1A3956D46DE8}") = "Core", "Core", "{25CB90CF-A14D-4AD5-8A3C-7E666EB7A60F}"
EndProject
Project("{2150E333-8FDC-42A3-9474-1A3956D46DE8}") = "Services", "Services", "{1F841565-DB6E-4A34-81F3-B21C6D72EAB8}"
EndProject
Project("{2150E333-8FDC-42A3-9474-1A3956D46DE8}") = "Services", "Services", "{27DA6887-B451-4D5D-A232-00FBE20152FB}"
EndProject
Project("{2150E333-8FDC-42A3-9474-1A3956D46DE8}") = "Acao", "Acao", "{4E64AE2E-CB43-4471-AFE1-D90A3DDC7555}"
EndProject
Project("{9A19103F-16F7-4668-BE54-9A1E7A4F7556}") = "GCI.Acoes.Tests", "Tests\Acoes\GCI.Acoes.Tests\GCI.Acoes.Tests.csproj", "{A22F6D29-0560-46A0-AFE9-CC29E4C5D048}"
EndProject
Project("{9A19103F-16F7-4668-BE54-9A1E7A4F7556}") = "GCI.Acoes.Domain", "src\Services\Acoes\GCI.Acoes.Domain\GCI.Acoes.Domain.csproj", "{5996FB1A-A3F1-4CB0-8C6C-C5EB4694EAC4}"
EndProject
Project("{9A19103F-16F7-4668-BE54-9A1E7A4F7556}") = "GCI.Acoes.Infra", "src\Services\Acoes\GCI.Acoes.Infra\GCI.Acoes.Infra.csproj", "{DC8E65C2-09E3-4AD7-AAC0-EB7668790B33}"
EndProject
Project("{9A19103F-16F7-4668-BE54-9A1E7A4F7556}") = "GCI.Acoes.Aplication", "src\Services\Acoes\GCI.Acoes.Aplication\GCI.Acoes.Aplication.csproj", "{FDB4C8DF-D3B9-4B06-899E-4395D50000E0}"
EndProject
Project("{9A19103F-16F7-4668-BE54-9A1E7A4F7556}") = "GCI.Acoes.Api", "src\Services\Acoes\GCI.Acoes.Api\GCI.Acoes.Api.csproj", "{E5387F61-FE6F-4AE7-8A2C-BD58F0370C39}"
EndProject
Project("{9A19103F-16F7-4668-BE54-9A1E7A4F7556}") = "GCI.Core", "src\Building Blocks\GCI.Core\GCI.Core.csproj", "{19FBEB4D-3382-4A43-9E6F-8A94BDD762A8}"
EndProject
Project("{9A19103F-16F7-4668-BE54-9A1E7A4F7556}") = "GCI.WebApi.Core", "src\Building Blocks\GCI.WebApi.Core\GCI.WebApi.Core.csproj", "{CB80A76D-DEE4-49D5-BD6D-3E8F6FADCD5E}"
EndProject
Global
	GlobalSection(SolutionConfigurationPlatforms) = preSolution
		Debug|Any CPU = Debug|Any CPU
		Release|Any CPU = Release|Any CPU
	EndGlobalSection
	GlobalSection(ProjectConfigurationPlatforms) = postSolution
		{A22F6D29-0560-46A0-AFE9-CC29E4C5D048}.Debug|Any CPU.ActiveCfg = Debug|Any CPU
		{A22F6D29-0560-46A0-AFE9-CC29E4C5D048}.Debug|Any CPU.Build.0 = Debug|Any CPU
		{A22F6D29-0560-46A0-AFE9-CC29E4C5D048}.Release|Any CPU.ActiveCfg = Release|Any CPU
		{A22F6D29-0560-46A0-AFE9-CC29E4C5D048}.Release|Any CPU.Build.0 = Release|Any CPU
		{5996FB1A-A3F1-4CB0-8C6C-C5EB4694EAC4}.Debug|Any CPU.ActiveCfg = Debug|Any CPU
		{5996FB1A-A3F1-4CB0-8C6C-C5EB4694EAC4}.Debug|Any CPU.Build.0 = Debug|Any CPU
		{5996FB1A-A3F1-4CB0-8C6C-C5EB4694EAC4}.Release|Any CPU.ActiveCfg = Release|Any CPU
		{5996FB1A-A3F1-4CB0-8C6C-C5EB4694EAC4}.Release|Any CPU.Build.0 = Release|Any CPU
		{DC8E65C2-09E3-4AD7-AAC0-EB7668790B33}.Debug|Any CPU.ActiveCfg = Debug|Any CPU
		{DC8E65C2-09E3-4AD7-AAC0-EB7668790B33}.Debug|Any CPU.Build.0 = Debug|Any CPU
		{DC8E65C2-09E3-4AD7-AAC0-EB7668790B33}.Release|Any CPU.ActiveCfg = Release|Any CPU
		{DC8E65C2-09E3-4AD7-AAC0-EB7668790B33}.Release|Any CPU.Build.0 = Release|Any CPU
		{FDB4C8DF-D3B9-4B06-899E-4395D50000E0}.Debug|Any CPU.ActiveCfg = Debug|Any CPU
		{FDB4C8DF-D3B9-4B06-899E-4395D50000E0}.Debug|Any CPU.Build.0 = Debug|Any CPU
		{FDB4C8DF-D3B9-4B06-899E-4395D50000E0}.Release|Any CPU.ActiveCfg = Release|Any CPU
		{FDB4C8DF-D3B9-4B06-899E-4395D50000E0}.Release|Any CPU.Build.0 = Release|Any CPU
		{E5387F61-FE6F-4AE7-8A2C-BD58F0370C39}.Debug|Any CPU.ActiveCfg = Debug|Any CPU
		{E5387F61-FE6F-4AE7-8A2C-BD58F0370C39}.Debug|Any CPU.Build.0 = Debug|Any CPU
		{E5387F61-FE6F-4AE7-8A2C-BD58F0370C39}.Release|Any CPU.ActiveCfg = Release|Any CPU
		{E5387F61-FE6F-4AE7-8A2C-BD58F0370C39}.Release|Any CPU.Build.0 = Release|Any CPU
		{19FBEB4D-3382-4A43-9E6F-8A94BDD762A8}.Debug|Any CPU.ActiveCfg = Debug|Any CPU
		{19FBEB4D-3382-4A43-9E6F-8A94BDD762A8}.Debug|Any CPU.Build.0 = Debug|Any CPU
		{19FBEB4D-3382-4A43-9E6F-8A94BDD762A8}.Release|Any CPU.ActiveCfg = Release|Any CPU
		{19FBEB4D-3382-4A43-9E6F-8A94BDD762A8}.Release|Any CPU.Build.0 = Release|Any CPU
		{CB80A76D-DEE4-49D5-BD6D-3E8F6FADCD5E}.Debug|Any CPU.ActiveCfg = Debug|Any CPU
		{CB80A76D-DEE4-49D5-BD6D-3E8F6FADCD5E}.Debug|Any CPU.Build.0 = Debug|Any CPU
		{CB80A76D-DEE4-49D5-BD6D-3E8F6FADCD5E}.Release|Any CPU.ActiveCfg = Release|Any CPU
		{CB80A76D-DEE4-49D5-BD6D-3E8F6FADCD5E}.Release|Any CPU.Build.0 = Release|Any CPU
	EndGlobalSection
	GlobalSection(SolutionProperties) = preSolution
		HideSolutionNode = FALSE
	EndGlobalSection
	GlobalSection(NestedProjects) = preSolution
		{098AFA82-B418-4B5B-9CEC-0657A3DC07BE} = {B8B296CA-A9EA-4777-8DF6-BE66A784165C}
		{25CB90CF-A14D-4AD5-8A3C-7E666EB7A60F} = {098AFA82-B418-4B5B-9CEC-0657A3DC07BE}
		{1F841565-DB6E-4A34-81F3-B21C6D72EAB8} = {098AFA82-B418-4B5B-9CEC-0657A3DC07BE}
		{27DA6887-B451-4D5D-A232-00FBE20152FB} = {B8B296CA-A9EA-4777-8DF6-BE66A784165C}
		{4E64AE2E-CB43-4471-AFE1-D90A3DDC7555} = {27DA6887-B451-4D5D-A232-00FBE20152FB}
		{A22F6D29-0560-46A0-AFE9-CC29E4C5D048} = {4E64AE2E-CB43-4471-AFE1-D90A3DDC7555}
		{5996FB1A-A3F1-4CB0-8C6C-C5EB4694EAC4} = {4E64AE2E-CB43-4471-AFE1-D90A3DDC7555}
		{DC8E65C2-09E3-4AD7-AAC0-EB7668790B33} = {4E64AE2E-CB43-4471-AFE1-D90A3DDC7555}
		{FDB4C8DF-D3B9-4B06-899E-4395D50000E0} = {4E64AE2E-CB43-4471-AFE1-D90A3DDC7555}
		{E5387F61-FE6F-4AE7-8A2C-BD58F0370C39} = {4E64AE2E-CB43-4471-AFE1-D90A3DDC7555}
		{19FBEB4D-3382-4A43-9E6F-8A94BDD762A8} = {25CB90CF-A14D-4AD5-8A3C-7E666EB7A60F}
		{CB80A76D-DEE4-49D5-BD6D-3E8F6FADCD5E} = {1F841565-DB6E-4A34-81F3-B21C6D72EAB8}
	EndGlobalSection
	GlobalSection(ExtensibilityGlobals) = postSolution
		SolutionGuid = {DA60CBD7-8A6E-436D-B07E-D654D162CE4B}
	EndGlobalSection
EndGlobal
