
Microsoft Visual Studio Solution File, Format Version 12.00
# Visual Studio 15
VisualStudioVersion = 15.0.28307.1267
MinimumVisualStudioVersion = 10.0.40219.1
Project("{2150E333-8FDC-42A3-9474-1A3956D46DE8}") = "src", "src", "{B8B296CA-A9EA-4777-8DF6-BE66A784165C}"
EndProject
Project("{2150E333-8FDC-42A3-9474-1A3956D46DE8}") = "Building Blocks", "Building Blocks", "{098AFA82-B418-4B5B-9CEC-0657A3DC07BE}"
EndProject
Project("{2150E333-8FDC-42A3-9474-1A3956D46DE8}") = "Core", "Core", "{25CB90CF-A14D-4AD5-8A3C-7E666EB7A60F}"
EndProject
Project("{2150E333-8FDC-42A3-9474-1A3956D46DE8}") = "Services", "Services", "{1F841565-DB6E-4A34-81F3-B21C6D72EAB8}"
EndProject
Project("{2150E333-8FDC-42A3-9474-1A3956D46DE8}") = "Services", "Services", "{27DA6887-B451-4D5D-A232-00FBE20152FB}"
EndProject
Project("{2150E333-8FDC-42A3-9474-1A3956D46DE8}") = "WebApi", "WebApi", "{6DCE3EC8-F7BD-4A00-A8A8-8FCDC1C6B2D0}"
EndProject
Project("{2150E333-8FDC-42A3-9474-1A3956D46DE8}") = "Cliente", "Cliente", "{4E64AE2E-CB43-4471-AFE1-D90A3DDC7555}"
EndProject
Project("{2150E333-8FDC-42A3-9474-1A3956D46DE8}") = "Produto", "Produto", "{743BE6D3-517D-43C4-B154-245031A3C034}"
EndProject
Project("{2150E333-8FDC-42A3-9474-1A3956D46DE8}") = "Pedido", "Pedido", "{E90825B3-5914-40CA-A18A-3E9C3F4E0A06}"
EndProject
Project("{9A19103F-16F7-4668-BE54-9A1E7A4F7556}") = "NinjaStore.Core", "src\Building Blocks\NinjaStore.Core\NinjaStore.Core.csproj", "{D989683C-B278-4ACC-9F64-6DCF4C93D72E}"
EndProject
Project("{9A19103F-16F7-4668-BE54-9A1E7A4F7556}") = "NinjaStore.WebApi.Core", "src\Building Blocks\NinjaStore.WebApi.Core\NinjaStore.WebApi.Core.csproj", "{8E920E50-9AE0-4073-94CB-0F27AA626C90}"
EndProject
Project("{9A19103F-16F7-4668-BE54-9A1E7A4F7556}") = "NinjaStore.Api", "src\WebApi\NinjaStore.Api\NinjaStore.Api.csproj", "{6BE9FF16-BFC7-4563-84ED-393026A7DEE4}"
EndProject
Global
	GlobalSection(SolutionConfigurationPlatforms) = preSolution
		Debug|Any CPU = Debug|Any CPU
		Release|Any CPU = Release|Any CPU
	EndGlobalSection
	GlobalSection(ProjectConfigurationPlatforms) = postSolution
		{D989683C-B278-4ACC-9F64-6DCF4C93D72E}.Debug|Any CPU.ActiveCfg = Debug|Any CPU
		{D989683C-B278-4ACC-9F64-6DCF4C93D72E}.Debug|Any CPU.Build.0 = Debug|Any CPU
		{D989683C-B278-4ACC-9F64-6DCF4C93D72E}.Release|Any CPU.ActiveCfg = Release|Any CPU
		{D989683C-B278-4ACC-9F64-6DCF4C93D72E}.Release|Any CPU.Build.0 = Release|Any CPU
		{8E920E50-9AE0-4073-94CB-0F27AA626C90}.Debug|Any CPU.ActiveCfg = Debug|Any CPU
		{8E920E50-9AE0-4073-94CB-0F27AA626C90}.Debug|Any CPU.Build.0 = Debug|Any CPU
		{8E920E50-9AE0-4073-94CB-0F27AA626C90}.Release|Any CPU.ActiveCfg = Release|Any CPU
		{8E920E50-9AE0-4073-94CB-0F27AA626C90}.Release|Any CPU.Build.0 = Release|Any CPU
		{6BE9FF16-BFC7-4563-84ED-393026A7DEE4}.Debug|Any CPU.ActiveCfg = Debug|Any CPU
		{6BE9FF16-BFC7-4563-84ED-393026A7DEE4}.Debug|Any CPU.Build.0 = Debug|Any CPU
		{6BE9FF16-BFC7-4563-84ED-393026A7DEE4}.Release|Any CPU.ActiveCfg = Release|Any CPU
		{6BE9FF16-BFC7-4563-84ED-393026A7DEE4}.Release|Any CPU.Build.0 = Release|Any CPU
	EndGlobalSection
	GlobalSection(SolutionProperties) = preSolution
		HideSolutionNode = FALSE
	EndGlobalSection
	GlobalSection(NestedProjects) = preSolution
		{098AFA82-B418-4B5B-9CEC-0657A3DC07BE} = {B8B296CA-A9EA-4777-8DF6-BE66A784165C}
		{25CB90CF-A14D-4AD5-8A3C-7E666EB7A60F} = {098AFA82-B418-4B5B-9CEC-0657A3DC07BE}
		{1F841565-DB6E-4A34-81F3-B21C6D72EAB8} = {098AFA82-B418-4B5B-9CEC-0657A3DC07BE}
		{27DA6887-B451-4D5D-A232-00FBE20152FB} = {B8B296CA-A9EA-4777-8DF6-BE66A784165C}
		{6DCE3EC8-F7BD-4A00-A8A8-8FCDC1C6B2D0} = {B8B296CA-A9EA-4777-8DF6-BE66A784165C}
		{4E64AE2E-CB43-4471-AFE1-D90A3DDC7555} = {27DA6887-B451-4D5D-A232-00FBE20152FB}
		{743BE6D3-517D-43C4-B154-245031A3C034} = {27DA6887-B451-4D5D-A232-00FBE20152FB}
		{E90825B3-5914-40CA-A18A-3E9C3F4E0A06} = {27DA6887-B451-4D5D-A232-00FBE20152FB}
		{D989683C-B278-4ACC-9F64-6DCF4C93D72E} = {25CB90CF-A14D-4AD5-8A3C-7E666EB7A60F}
		{8E920E50-9AE0-4073-94CB-0F27AA626C90} = {1F841565-DB6E-4A34-81F3-B21C6D72EAB8}
		{6BE9FF16-BFC7-4563-84ED-393026A7DEE4} = {6DCE3EC8-F7BD-4A00-A8A8-8FCDC1C6B2D0}
	EndGlobalSection
	GlobalSection(ExtensibilityGlobals) = postSolution
		SolutionGuid = {DA60CBD7-8A6E-436D-B07E-D654D162CE4B}
	EndGlobalSection
EndGlobal
